github.com/intuitivelabs/bytescase v1.0.1 h1:As9FoZOyQuaQa4StsNHGlMbweAf3rZ5Ku2U1QsXauhA=
github.com/intuitivelabs/bytescase v1.0.1/go.mod h1:Gr+B79bV8+mDKvYr4hja6qPVHtYG4Knem0K8gzZKHHU=
github.com/intuitivelabs/sipsp v1.0.0 h1:TOP1ESbZzxUjWRq7Tfg4ZKpXBhs/oFktN4OVdjHXAdE=
github.com/intuitivelabs/sipsp v1.0.0/go.mod h1:FnKifPSeXX7J4dWhYAsV90WV4h0OMtC/twlLiyXkOLQ=
github.com/intuitivelabs/sipsp v1.0.1 h1:EjGSg+CH2Tf6GoXfRYnouvXe/5bVxxrjNUCD1o1H0X8=
github.com/intuitivelabs/sipsp v1.0.1/go.mod h1:cQ5p5hsd+DeKu1XbCH7f7NN5wH2b8SOwuJBfk6VC0ms=
