github.com/intuitivelabs/bytescase v1.0.1 h1:As9FoZOyQuaQa4StsNHGlMbweAf3rZ5Ku2U1QsXauhA=
github.com/intuitivelabs/bytescase v1.0.1/go.mod h1:Gr+B79bV8+mDKvYr4hja6qPVHtYG4Knem0K8gzZKHHU=
github.com/intuitivelabs/ipcrypt v0.0.0-20150706202830-8cc12f9ccb68 h1:IZ1JLx/a1arEdPCefbFNgZiPaitGz9ZvPHbYZJAQ/SA=
github.com/intuitivelabs/ipcrypt v0.0.0-20150706202830-8cc12f9ccb68/go.mod h1:1Tbk2GMxSflaUSwrQaFnMrg1VvTDM4JO3Jbh7RzPjSs=
github.com/intuitivelabs/ipcrypt v0.0.0-20201221222832-e8c1af2d7e80 h1:KPTe89jn6irmLAaAPfC79maEX5jHpdELZpPj0Tp8lcw=
github.com/intuitivelabs/ipcrypt v0.0.0-20201221222832-e8c1af2d7e80/go.mod h1:1Tbk2GMxSflaUSwrQaFnMrg1VvTDM4JO3Jbh7RzPjSs=
github.com/intuitivelabs/sipsp v1.0.0 h1:TOP1ESbZzxUjWRq7Tfg4ZKpXBhs/oFktN4OVdjHXAdE=
github.com/intuitivelabs/sipsp v1.0.0/go.mod h1:FnKifPSeXX7J4dWhYAsV90WV4h0OMtC/twlLiyXkOLQ=
github.com/intuitivelabs/sipsp v1.0.1 h1:EjGSg+CH2Tf6GoXfRYnouvXe/5bVxxrjNUCD1o1H0X8=
github.com/intuitivelabs/sipsp v1.0.1/go.mod h1:cQ5p5hsd+DeKu1XbCH7f7NN5wH2b8SOwuJBfk6VC0ms=
