github.com/intuitivelabs/bytescase v1.0.1 h1:As9FoZOyQuaQa4StsNHGlMbweAf3rZ5Ku2U1QsXauhA=
github.com/intuitivelabs/bytescase v1.0.1/go.mod h1:Gr+B79bV8+mDKvYr4hja6qPVHtYG4Knem0K8gzZKHHU=
github.com/intuitivelabs/counters v0.1.2-0.20210216181413-f773d9188db7 h1:M8DerTOMNz/vq5vDmcbf6LSFGF2yQC4YdSeKzH6CKoI=
github.com/intuitivelabs/counters v0.1.2-0.20210216181413-f773d9188db7/go.mod h1:gg2mPscHiatkLfDWF7bSuUeHcmsiTazGQx1pW62uJ0w=
github.com/intuitivelabs/sipsp v1.0.2-0.20201123190413-cdee4299e270 h1:/xDI2e4acDwU7Fzto31gktlC2qe3BghHwOYxwIMA/9Y=
github.com/intuitivelabs/sipsp v1.0.2-0.20201123190413-cdee4299e270/go.mod h1:cQ5p5hsd+DeKu1XbCH7f7NN5wH2b8SOwuJBfk6VC0ms=
